
Microsoft Visual Studio Solution File, Format Version 12.00
# Visual Studio Version 17
VisualStudioVersion = 17.9.34723.18
MinimumVisualStudioVersion = 10.0.40219.1
Project("{FAE04EC0-301F-11D3-BF4B-00C04F79EFBC}") = "WindowsFormsApp1", "WindowsFormsApp1\WindowsFormsApp1.csproj", "{A3780020-3304-467D-9C3D-6A9854CE735A}"
EndProject
Global
	GlobalSection(SolutionConfigurationPlatforms) = preSolution
		Debug|Any CPU = Debug|Any CPU
		Release|Any CPU = Release|Any CPU
	EndGlobalSection
	GlobalSection(ProjectConfigurationPlatforms) = postSolution
		{A3780020-3304-467D-9C3D-6A9854CE735A}.Debug|Any CPU.ActiveCfg = Debug|Any CPU
		{A3780020-3304-467D-9C3D-6A9854CE735A}.Debug|Any CPU.Build.0 = Debug|Any CPU
		{A3780020-3304-467D-9C3D-6A9854CE735A}.Release|Any CPU.ActiveCfg = Release|Any CPU
		{A3780020-3304-467D-9C3D-6A9854CE735A}.Release|Any CPU.Build.0 = Release|Any CPU
	EndGlobalSection
	GlobalSection(SolutionProperties) = preSolution
		HideSolutionNode = FALSE
	EndGlobalSection
	GlobalSection(ExtensibilityGlobals) = postSolution
		SolutionGuid = {8E71A9BE-8A59-4693-9758-2B0A7BF1F585}
	EndGlobalSection
EndGlobal
